
Microsoft Visual Studio Solution File, Format Version 12.00
# Visual Studio 15
VisualStudioVersion = 15.0.28307.1525
MinimumVisualStudioVersion = 10.0.40219.1
Project("{FAE04EC0-301F-11D3-BF4B-00C04F79EFBC}") = "Thales", "Thales\Thales.csproj", "{97D96D44-8103-42AC-9178-B89C49911DE6}"
EndProject
Global
	GlobalSection(SolutionConfigurationPlatforms) = preSolution
		Debug|Any CPU = Debug|Any CPU
		Release|Any CPU = Release|Any CPU
	EndGlobalSection
	GlobalSection(ProjectConfigurationPlatforms) = postSolution
		{97D96D44-8103-42AC-9178-B89C49911DE6}.Debug|Any CPU.ActiveCfg = Debug|Any CPU
		{97D96D44-8103-42AC-9178-B89C49911DE6}.Debug|Any CPU.Build.0 = Debug|Any CPU
		{97D96D44-8103-42AC-9178-B89C49911DE6}.Release|Any CPU.ActiveCfg = Release|Any CPU
		{97D96D44-8103-42AC-9178-B89C49911DE6}.Release|Any CPU.Build.0 = Release|Any CPU
	EndGlobalSection
	GlobalSection(SolutionProperties) = preSolution
		HideSolutionNode = FALSE
	EndGlobalSection
	GlobalSection(ExtensibilityGlobals) = postSolution
		SolutionGuid = {595AF7B2-AC81-446B-AA99-C309C410EC12}
	EndGlobalSection
EndGlobal
